// !$*UTF8*$!
{
	archiveVersion = 1;
	classes = {
	};
	objectVersion = 56;
	objects = {

/* Begin PBXBuildFile section */
		AF6D111F2DADA98E0071D444 /* NoteManager.swift in Sources */ = {isa = PBXBuildFile; fileRef = AF6D111D2DADA98E0071D444 /* NoteManager.swift */; };
		AF6D11202DADA98E0071D444 /* ContactManager.swift in Sources */ = {isa = PBXBuildFile; fileRef = AF6D111E2DADA98E0071D444 /* ContactManager.swift */; };
		AF6D11232DADA9B20071D444 /* CoreDataManager.swift in Sources */ = {isa = PBXBuildFile; fileRef = AF6D11222DADA9B20071D444 /* CoreDataManager.swift */; };
		AF6D11272DB00A330071D444 /* SocialNoteModalView.swift in Sources */ = {isa = PBXBuildFile; fileRef = AF6D11262DB00A320071D444 /* SocialNoteModalView.swift */; };
		AFA2761A2DB0349C00C29B81 /* SocialNotesList.swift in Sources */ = {isa = PBXBuildFile; fileRef = AFA276192DB0349C00C29B81 /* SocialNotesList.swift */; };
		AFA2761C2DB0362C00C29B81 /* MentionTextView.swift in Sources */ = {isa = PBXBuildFile; fileRef = AFA2761B2DB0362C00C29B81 /* MentionTextView.swift */; };
		AFBD50ED2DA70C770066907B /* Localizable.strings in Resources */ = {isa = PBXBuildFile; fileRef = AFBD50E22DA70C770066907B /* Localizable.strings */; };
		AFBD50EE2DA70C770066907B /* InfoPlist.strings in Resources */ = {isa = PBXBuildFile; fileRef = AFBD50E42DA70C770066907B /* InfoPlist.strings */; };
		AFBD50F02DA70C770066907B /* Localizable.strings in Resources */ = {isa = PBXBuildFile; fileRef = AFBD50E92DA70C770066907B /* Localizable.strings */; };
		AFBD50F12DA70C770066907B /* InfoPlist.strings in Resources */ = {isa = PBXBuildFile; fileRef = AFBD50EB2DA70C770066907B /* InfoPlist.strings */; };
		AFBD50F42DA70DDC0066907B /* SocialContactView.swift in Sources */ = {isa = PBXBuildFile; fileRef = AFBD50F22DA70DDC0066907B /* SocialContactView.swift */; };
		AFBD50F52DA70DDC0066907B /* SocialContact.swift in Sources */ = {isa = PBXBuildFile; fileRef = AFBD50F32DA70DDC0066907B /* SocialContact.swift */; };
		AFBD50F92DA715550066907B /* SocialBrainDialogView.swift in Sources */ = {isa = PBXBuildFile; fileRef = AFBD50F72DA715550066907B /* SocialBrainDialogView.swift */; };
		AFBD50FD2DA739660066907B /* SocialContactDetailView.swift in Sources */ = {isa = PBXBuildFile; fileRef = AFBD50FC2DA739660066907B /* SocialContactDetailView.swift */; };
		AFF98BB72DA075720001DD70 /* social_brain_xcodeApp.swift in Sources */ = {isa = PBXBuildFile; fileRef = AFF98BB62DA075720001DD70 /* social_brain_xcodeApp.swift */; };
		AFF98BBB2DA075730001DD70 /* Assets.xcassets in Resources */ = {isa = PBXBuildFile; fileRef = AFF98BBA2DA075730001DD70 /* Assets.xcassets */; };
		AFF98BBE2DA075730001DD70 /* Preview Assets.xcassets in Resources */ = {isa = PBXBuildFile; fileRef = AFF98BBD2DA075730001DD70 /* Preview Assets.xcassets */; };
		AFF98BC02DA075730001DD70 /* Persistence.swift in Sources */ = {isa = PBXBuildFile; fileRef = AFF98BBF2DA075730001DD70 /* Persistence.swift */; };
		AFF98BC32DA075730001DD70 /* social_brain_xcode.xcdatamodeld in Sources */ = {isa = PBXBuildFile; fileRef = AFF98BC12DA075730001DD70 /* social_brain_xcode.xcdatamodeld */; };
		AFF98BCE2DA0772F0001DD70 /* MainTabView.swift in Sources */ = {isa = PBXBuildFile; fileRef = AFF98BCB2DA0772F0001DD70 /* MainTabView.swift */; };
		AFF98BD02DA0772F0001DD71 /* SocialNote.swift in Sources */ = {isa = PBXBuildFile; fileRef = AFF98BCD2DA0772F0001DD71 /* SocialNote.swift */; };
		AFF98BD12DA0772F0001DD72 /* SocialNotesView.swift in Sources */ = {isa = PBXBuildFile; fileRef = AFF98BCE2DA0772F0001DD72 /* SocialNotesView.swift */; };
		AFF98BD32DA4453F0001DD70 /* SocialBrainView.swift in Sources */ = {isa = PBXBuildFile; fileRef = AFF98BD22DA4453F0001DD70 /* SocialBrainView.swift */; };
		AFF98BD52DA4496C0001DD70 /* SocialBrainMessage.swift in Sources */ = {isa = PBXBuildFile; fileRef = AFF98BD42DA4496C0001DD70 /* SocialBrainMessage.swift */; };
		AFF98BD92DA45DA00001DD70 /* AppTheme.swift in Sources */ = {isa = PBXBuildFile; fileRef = AFF98BD82DA45DA00001DD70 /* AppTheme.swift */; };
/* End PBXBuildFile section */

/* Begin PBXFileReference section */
		AF6D111D2DADA98E0071D444 /* NoteManager.swift */ = {isa = PBXFileReference; fileEncoding = 4; lastKnownFileType = sourcecode.swift; path = NoteManager.swift; sourceTree = "<group>"; };
		AF6D111E2DADA98E0071D444 /* ContactManager.swift */ = {isa = PBXFileReference; fileEncoding = 4; lastKnownFileType = sourcecode.swift; path = ContactManager.swift; sourceTree = "<group>"; };
		AF6D11222DADA9B20071D444 /* CoreDataManager.swift */ = {isa = PBXFileReference; fileEncoding = 4; lastKnownFileType = sourcecode.swift; path = CoreDataManager.swift; sourceTree = "<group>"; };
		AF6D11262DB00A320071D444 /* SocialNoteModalView.swift */ = {isa = PBXFileReference; fileEncoding = 4; lastKnownFileType = sourcecode.swift; path = SocialNoteModalView.swift; sourceTree = "<group>"; };
		AFA276192DB0349C00C29B81 /* SocialNotesList.swift */ = {isa = PBXFileReference; fileEncoding = 4; lastKnownFileType = sourcecode.swift; path = SocialNotesList.swift; sourceTree = "<group>"; };
		AFA2761B2DB0362C00C29B81 /* MentionTextView.swift */ = {isa = PBXFileReference; fileEncoding = 4; lastKnownFileType = sourcecode.swift; path = MentionTextView.swift; sourceTree = "<group>"; };
		AFBD50E32DA70C770066907B /* zh-Hans */ = {isa = PBXFileReference; lastKnownFileType = text.plist.strings; name = "zh-Hans"; path = Localizable.strings; sourceTree = "<group>"; };
		AFBD50E52DA70C770066907B /* zh-Hans */ = {isa = PBXFileReference; lastKnownFileType = text.plist.strings; name = "zh-Hans"; path = InfoPlist.strings; sourceTree = "<group>"; };
		AFBD50EA2DA70C770066907B /* en */ = {isa = PBXFileReference; lastKnownFileType = text.plist.strings; name = en; path = Localizable.strings; sourceTree = "<group>"; };
		AFBD50EC2DA70C770066907B /* en */ = {isa = PBXFileReference; lastKnownFileType = text.plist.strings; name = en; path = InfoPlist.strings; sourceTree = "<group>"; };
		AFBD50F22DA70DDC0066907B /* SocialContactView.swift */ = {isa = PBXFileReference; fileEncoding = 4; lastKnownFileType = sourcecode.swift; path = SocialContactView.swift; sourceTree = "<group>"; };
		AFBD50F32DA70DDC0066907B /* SocialContact.swift */ = {isa = PBXFileReference; fileEncoding = 4; lastKnownFileType = sourcecode.swift; path = SocialContact.swift; sourceTree = "<group>"; };
		AFBD50F72DA715550066907B /* SocialBrainDialogView.swift */ = {isa = PBXFileReference; fileEncoding = 4; lastKnownFileType = sourcecode.swift; path = SocialBrainDialogView.swift; sourceTree = "<group>"; };
		AFBD50FC2DA739660066907B /* SocialContactDetailView.swift */ = {isa = PBXFileReference; fileEncoding = 4; lastKnownFileType = sourcecode.swift; path = SocialContactDetailView.swift; sourceTree = "<group>"; };
		AFF98BB32DA075720001DD70 /* social_brain_xcode.app */ = {isa = PBXFileReference; explicitFileType = wrapper.application; includeInIndex = 0; path = social_brain_xcode.app; sourceTree = BUILT_PRODUCTS_DIR; };
		AFF98BB62DA075720001DD70 /* social_brain_xcodeApp.swift */ = {isa = PBXFileReference; lastKnownFileType = sourcecode.swift; path = social_brain_xcodeApp.swift; sourceTree = "<group>"; };
		AFF98BBA2DA075730001DD70 /* Assets.xcassets */ = {isa = PBXFileReference; lastKnownFileType = folder.assetcatalog; path = Assets.xcassets; sourceTree = "<group>"; };
		AFF98BBD2DA075730001DD70 /* Preview Assets.xcassets */ = {isa = PBXFileReference; lastKnownFileType = folder.assetcatalog; path = "Preview Assets.xcassets"; sourceTree = "<group>"; };
		AFF98BBF2DA075730001DD70 /* Persistence.swift */ = {isa = PBXFileReference; lastKnownFileType = sourcecode.swift; path = Persistence.swift; sourceTree = "<group>"; };
		AFF98BC22DA075730001DD70 /* social_brain_xcode.xcdatamodel */ = {isa = PBXFileReference; lastKnownFileType = wrapper.xcdatamodel; path = social_brain_xcode.xcdatamodel; sourceTree = "<group>"; };
		AFF98BC42DA075730001DD70 /* Info.plist */ = {isa = PBXFileReference; lastKnownFileType = text.plist.xml; path = Info.plist; sourceTree = "<group>"; };
		AFF98BCB2DA0772F0001DD70 /* MainTabView.swift */ = {isa = PBXFileReference; fileEncoding = 4; lastKnownFileType = sourcecode.swift; path = MainTabView.swift; sourceTree = "<group>"; };
		AFF98BCD2DA0772F0001DD71 /* SocialNote.swift */ = {isa = PBXFileReference; fileEncoding = 4; lastKnownFileType = sourcecode.swift; path = SocialNote.swift; sourceTree = "<group>"; };
		AFF98BCE2DA0772F0001DD72 /* SocialNotesView.swift */ = {isa = PBXFileReference; fileEncoding = 4; lastKnownFileType = sourcecode.swift; path = SocialNotesView.swift; sourceTree = "<group>"; };
		AFF98BD22DA4453F0001DD70 /* SocialBrainView.swift */ = {isa = PBXFileReference; fileEncoding = 4; lastKnownFileType = sourcecode.swift; path = SocialBrainView.swift; sourceTree = "<group>"; };
		AFF98BD42DA4496C0001DD70 /* SocialBrainMessage.swift */ = {isa = PBXFileReference; fileEncoding = 4; lastKnownFileType = sourcecode.swift; path = SocialBrainMessage.swift; sourceTree = "<group>"; };
		AFF98BD82DA45DA00001DD70 /* AppTheme.swift */ = {isa = PBXFileReference; fileEncoding = 4; lastKnownFileType = sourcecode.swift; path = AppTheme.swift; sourceTree = "<group>"; };
/* End PBXFileReference section */

/* Begin PBXFrameworksBuildPhase section */
		AFF98BB02DA075720001DD70 /* Frameworks */ = {
			isa = PBXFrameworksBuildPhase;
			buildActionMask = 2147483647;
			files = (
			);
			runOnlyForDeploymentPostprocessing = 0;
		};
/* End PBXFrameworksBuildPhase section */

/* Begin PBXGroup section */
		AF6D11212DADA9B20071D444 /* Managers */ = {
			isa = PBXGroup;
			children = (
				AF6D11222DADA9B20071D444 /* CoreDataManager.swift */,
				AF6D111E2DADA98E0071D444 /* ContactManager.swift */,
				AF6D111D2DADA98E0071D444 /* NoteManager.swift */,
			);
			path = Managers;
			sourceTree = "<group>";
		};
		AFA2761D2DB03BAF00C29B81 /* Features */ = {
			isa = PBXGroup;
			children = (
				AFA276242DB03D2600C29B81 /* Contacts */,
				AFA276212DB03C8200C29B81 /* AI */,
				AFA2761E2DB03BC900C29B81 /* Notes */,
			);
			path = Features;
			sourceTree = "<group>";
		};
		AFA2761E2DB03BC900C29B81 /* Notes */ = {
			isa = PBXGroup;
			children = (
				AFA276202DB03C5E00C29B81 /* Models */,
				AFA2761F2DB03BD400C29B81 /* Views */,
			);
			path = Notes;
			sourceTree = "<group>";
		};
		AFA2761F2DB03BD400C29B81 /* Views */ = {
			isa = PBXGroup;
			children = (
				AFF98BCE2DA0772F0001DD72 /* SocialNotesView.swift */,
				AF6D11262DB00A320071D444 /* SocialNoteModalView.swift */,
				AFA276192DB0349C00C29B81 /* SocialNotesList.swift */,
			);
			path = Views;
			sourceTree = "<group>";
		};
		AFA276202DB03C5E00C29B81 /* Models */ = {
			isa = PBXGroup;
			children = (
				AFF98BCD2DA0772F0001DD71 /* SocialNote.swift */,
			);
			path = Models;
			sourceTree = "<group>";
		};
		AFA276212DB03C8200C29B81 /* AI */ = {
			isa = PBXGroup;
			children = (
				AFA276232DB03CAE00C29B81 /* Models */,
				AFA276222DB03C8C00C29B81 /* Views */,
			);
			path = AI;
			sourceTree = "<group>";
		};
		AFA276222DB03C8C00C29B81 /* Views */ = {
			isa = PBXGroup;
			children = (
				AFF98BD22DA4453F0001DD70 /* SocialBrainView.swift */,
				AFBD50F72DA715550066907B /* SocialBrainDialogView.swift */,
			);
			path = Views;
			sourceTree = "<group>";
		};
		AFA276232DB03CAE00C29B81 /* Models */ = {
			isa = PBXGroup;
			children = (
				AFF98BD42DA4496C0001DD70 /* SocialBrainMessage.swift */,
			);
			path = Models;
			sourceTree = "<group>";
		};
		AFA276242DB03D2600C29B81 /* Contacts */ = {
			isa = PBXGroup;
			children = (
				AFA276262DB03D3200C29B81 /* Models */,
				AFA276252DB03D2A00C29B81 /* Views */,
			);
			path = Contacts;
			sourceTree = "<group>";
		};
		AFA276252DB03D2A00C29B81 /* Views */ = {
			isa = PBXGroup;
			children = (
				AFBD50F22DA70DDC0066907B /* SocialContactView.swift */,
				AFBD50FC2DA739660066907B /* SocialContactDetailView.swift */,
			);
			path = Views;
			sourceTree = "<group>";
		};
		AFA276262DB03D3200C29B81 /* Models */ = {
			isa = PBXGroup;
			children = (
				AFBD50F32DA70DDC0066907B /* SocialContact.swift */,
			);
			path = Models;
			sourceTree = "<group>";
		};
		AFA276272DB03E6400C29B81 /* App */ = {
			isa = PBXGroup;
			children = (
				AFF98BB62DA075720001DD70 /* social_brain_xcodeApp.swift */,
				AFF98BD82DA45DA00001DD70 /* AppTheme.swift */,
				AFF98BCB2DA0772F0001DD70 /* MainTabView.swift */,
				AFF98BC42DA075730001DD70 /* Info.plist */,
			);
			path = App;
			sourceTree = "<group>";
		};
		AFA276282DB03E9100C29B81 /* Resources */ = {
			isa = PBXGroup;
			children = (
				AFA276292DB03EA800C29B81 /* Localization */,
				AFF98BBA2DA075730001DD70 /* Assets.xcassets */,
			);
			path = Resources;
			sourceTree = "<group>";
		};
		AFA276292DB03EA800C29B81 /* Localization */ = {
			isa = PBXGroup;
			children = (
				AFBD50E82DA70C770066907B /* en.lproj */,
				AFBD50E12DA70C770066907B /* zh-Hans.lproj */,
			);
			path = Localization;
			sourceTree = "<group>";
		};
		AFA2762A2DB03ED900C29B81 /* Data */ = {
			isa = PBXGroup;
			children = (
				AFF98BC12DA075730001DD70 /* social_brain_xcode.xcdatamodeld */,
				AFA2762B2DB03EE400C29B81 /* CoreData */,
				AF6D11212DADA9B20071D444 /* Managers */,
			);
			path = Data;
			sourceTree = "<group>";
		};
		AFA2762B2DB03EE400C29B81 /* CoreData */ = {
			isa = PBXGroup;
			children = (
				AFF98BBF2DA075730001DD70 /* Persistence.swift */,
			);
			path = CoreData;
			sourceTree = "<group>";
		};
		AFA2762C2DB03F4200C29B81 /* Components */ = {
			isa = PBXGroup;
			children = (
				AFA2761B2DB0362C00C29B81 /* MentionTextView.swift */,
			);
			path = Components;
			sourceTree = "<group>";
		};
		AFBD50E12DA70C770066907B /* zh-Hans.lproj */ = {
			isa = PBXGroup;
			children = (
				AFBD50E22DA70C770066907B /* Localizable.strings */,
				AFBD50E42DA70C770066907B /* InfoPlist.strings */,
			);
			path = "zh-Hans.lproj";
			sourceTree = "<group>";
		};
		AFBD50E82DA70C770066907B /* en.lproj */ = {
			isa = PBXGroup;
			children = (
				AFBD50E92DA70C770066907B /* Localizable.strings */,
				AFBD50EB2DA70C770066907B /* InfoPlist.strings */,
			);
			path = en.lproj;
			sourceTree = "<group>";
		};
		AFF98BAA2DA075720001DD70 = {
			isa = PBXGroup;
			children = (
				AFF98BB52DA075720001DD70 /* social_brain_xcode */,
				AFF98BB42DA075720001DD70 /* Products */,
			);
			sourceTree = "<group>";
		};
		AFF98BB42DA075720001DD70 /* Products */ = {
			isa = PBXGroup;
			children = (
				AFF98BB32DA075720001DD70 /* social_brain_xcode.app */,
			);
			name = Products;
			sourceTree = "<group>";
		};
		AFF98BB52DA075720001DD70 /* social_brain_xcode */ = {
			isa = PBXGroup;
			children = (
				AFA276272DB03E6400C29B81 /* App */,
				AFA2762C2DB03F4200C29B81 /* Components */,
				AFA2762A2DB03ED900C29B81 /* Data */,
				AFF98BBC2DA075730001DD70 /* Preview Content */,
				AFA276282DB03E9100C29B81 /* Resources */,
				AFA2761D2DB03BAF00C29B81 /* Features */,
			);
			path = social_brain_xcode;
			sourceTree = "<group>";
		};
		AFF98BBC2DA075730001DD70 /* Preview Content */ = {
			isa = PBXGroup;
			children = (
				AFF98BBD2DA075730001DD70 /* Preview Assets.xcassets */,
			);
			path = "Preview Content";
			sourceTree = "<group>";
		};
/* End PBXGroup section */

/* Begin PBXNativeTarget section */
		AFF98BB22DA075720001DD70 /* social_brain_xcode */ = {
			isa = PBXNativeTarget;
			buildConfigurationList = AFF98BC72DA075730001DD70 /* Build configuration list for PBXNativeTarget "social_brain_xcode" */;
			buildPhases = (
				AFF98BAF2DA075720001DD70 /* Sources */,
				AFF98BB02DA075720001DD70 /* Frameworks */,
				AFF98BB12DA075720001DD70 /* Resources */,
			);
			buildRules = (
			);
			dependencies = (
			);
			name = social_brain_xcode;
			productName = social_brain_xcode;
			productReference = AFF98BB32DA075720001DD70 /* social_brain_xcode.app */;
			productType = "com.apple.product-type.application";
		};
/* End PBXNativeTarget section */

/* Begin PBXProject section */
		AFF98BAB2DA075720001DD70 /* Project object */ = {
			isa = PBXProject;
			attributes = {
				BuildIndependentTargetsInParallel = 1;
				LastSwiftUpdateCheck = 1420;
				LastUpgradeCheck = 1420;
				TargetAttributes = {
					AFF98BB22DA075720001DD70 = {
						CreatedOnToolsVersion = 14.2;
					};
				};
			};
			buildConfigurationList = AFF98BAE2DA075720001DD70 /* Build configuration list for PBXProject "social_brain_xcode" */;
			compatibilityVersion = "Xcode 14.0";
			developmentRegion = en;
			hasScannedForEncodings = 0;
			knownRegions = (
				en,
				Base,
				"zh-Hans",
			);
			mainGroup = AFF98BAA2DA075720001DD70;
			productRefGroup = AFF98BB42DA075720001DD70 /* Products */;
			projectDirPath = "";
			projectRoot = "";
			targets = (
				AFF98BB22DA075720001DD70 /* social_brain_xcode */,
			);
		};
/* End PBXProject section */

/* Begin PBXResourcesBuildPhase section */
		AFF98BB12DA075720001DD70 /* Resources */ = {
			isa = PBXResourcesBuildPhase;
			buildActionMask = 2147483647;
			files = (
				AFBD50F02DA70C770066907B /* Localizable.strings in Resources */,
				AFBD50F12DA70C770066907B /* InfoPlist.strings in Resources */,
				AFF98BBE2DA075730001DD70 /* Preview Assets.xcassets in Resources */,
				AFBD50EE2DA70C770066907B /* InfoPlist.strings in Resources */,
				AFBD50ED2DA70C770066907B /* Localizable.strings in Resources */,
				AFF98BBB2DA075730001DD70 /* Assets.xcassets in Resources */,
			);
			runOnlyForDeploymentPostprocessing = 0;
		};
/* End PBXResourcesBuildPhase section */

/* Begin PBXSourcesBuildPhase section */
		AFF98BAF2DA075720001DD70 /* Sources */ = {
			isa = PBXSourcesBuildPhase;
			buildActionMask = 2147483647;
			files = (
				AFF98BC02DA075730001DD70 /* Persistence.swift in Sources */,
				AFF98BD92DA45DA00001DD70 /* AppTheme.swift in Sources */,
				AFBD50F92DA715550066907B /* SocialBrainDialogView.swift in Sources */,
				AFF98BB72DA075720001DD70 /* social_brain_xcodeApp.swift in Sources */,
				AFF98BC32DA075730001DD70 /* social_brain_xcode.xcdatamodeld in Sources */,
				AF6D11272DB00A330071D444 /* SocialNoteModalView.swift in Sources */,
				AF6D11232DADA9B20071D444 /* CoreDataManager.swift in Sources */,
				AFF98BCE2DA0772F0001DD70 /* MainTabView.swift in Sources */,
				AFBD50FD2DA739660066907B /* SocialContactDetailView.swift in Sources */,
				AFF98BD52DA4496C0001DD70 /* SocialBrainMessage.swift in Sources */,
				AFF98BD02DA0772F0001DD71 /* SocialNote.swift in Sources */,
				AFF98BD12DA0772F0001DD72 /* SocialNotesView.swift in Sources */,
				AFF98BD32DA4453F0001DD70 /* SocialBrainView.swift in Sources */,
				AF6D111F2DADA98E0071D444 /* NoteManager.swift in Sources */,
				AFA2761C2DB0362C00C29B81 /* MentionTextView.swift in Sources */,
				AFA2761A2DB0349C00C29B81 /* SocialNotesList.swift in Sources */,
				AF6D11202DADA98E0071D444 /* ContactManager.swift in Sources */,
				AFBD50F42DA70DDC0066907B /* SocialContactView.swift in Sources */,
				AFBD50F52DA70DDC0066907B /* SocialContact.swift in Sources */,
			);
			runOnlyForDeploymentPostprocessing = 0;
		};
/* End PBXSourcesBuildPhase section */

/* Begin PBXVariantGroup section */
		AFBD50E22DA70C770066907B /* Localizable.strings */ = {
			isa = PBXVariantGroup;
			children = (
				AFBD50E32DA70C770066907B /* zh-Hans */,
			);
			name = Localizable.strings;
			sourceTree = "<group>";
		};
		AFBD50E42DA70C770066907B /* InfoPlist.strings */ = {
			isa = PBXVariantGroup;
			children = (
				AFBD50E52DA70C770066907B /* zh-Hans */,
			);
			name = InfoPlist.strings;
			sourceTree = "<group>";
		};
		AFBD50E92DA70C770066907B /* Localizable.strings */ = {
			isa = PBXVariantGroup;
			children = (
				AFBD50EA2DA70C770066907B /* en */,
			);
			name = Localizable.strings;
			sourceTree = "<group>";
		};
		AFBD50EB2DA70C770066907B /* InfoPlist.strings */ = {
			isa = PBXVariantGroup;
			children = (
				AFBD50EC2DA70C770066907B /* en */,
			);
			name = InfoPlist.strings;
			sourceTree = "<group>";
		};
/* End PBXVariantGroup section */

/* Begin XCBuildConfiguration section */
		AFF98BC52DA075730001DD70 /* Debug */ = {
			isa = XCBuildConfiguration;
			buildSettings = {
				ALWAYS_SEARCH_USER_PATHS = NO;
				CLANG_ANALYZER_NONNULL = YES;
				CLANG_ANALYZER_NUMBER_OBJECT_CONVERSION = YES_AGGRESSIVE;
				CLANG_CXX_LANGUAGE_STANDARD = "gnu++20";
				CLANG_ENABLE_MODULES = YES;
				CLANG_ENABLE_OBJC_ARC = YES;
				CLANG_ENABLE_OBJC_WEAK = YES;
				CLANG_WARN_BLOCK_CAPTURE_AUTORELEASING = YES;
				CLANG_WARN_BOOL_CONVERSION = YES;
				CLANG_WARN_COMMA = YES;
				CLANG_WARN_CONSTANT_CONVERSION = YES;
				CLANG_WARN_DEPRECATED_OBJC_IMPLEMENTATIONS = YES;
				CLANG_WARN_DIRECT_OBJC_ISA_USAGE = YES_ERROR;
				CLANG_WARN_DOCUMENTATION_COMMENTS = YES;
				CLANG_WARN_EMPTY_BODY = YES;
				CLANG_WARN_ENUM_CONVERSION = YES;
				CLANG_WARN_INFINITE_RECURSION = YES;
				CLANG_WARN_INT_CONVERSION = YES;
				CLANG_WARN_NON_LITERAL_NULL_CONVERSION = YES;
				CLANG_WARN_OBJC_IMPLICIT_RETAIN_SELF = YES;
				CLANG_WARN_OBJC_LITERAL_CONVERSION = YES;
				CLANG_WARN_OBJC_ROOT_CLASS = YES_ERROR;
				CLANG_WARN_QUOTED_INCLUDE_IN_FRAMEWORK_HEADER = YES;
				CLANG_WARN_RANGE_LOOP_ANALYSIS = YES;
				CLANG_WARN_STRICT_PROTOTYPES = YES;
				CLANG_WARN_SUSPICIOUS_MOVE = YES;
				CLANG_WARN_UNGUARDED_AVAILABILITY = YES_AGGRESSIVE;
				CLANG_WARN_UNREACHABLE_CODE = YES;
				CLANG_WARN__DUPLICATE_METHOD_MATCH = YES;
				COPY_PHASE_STRIP = NO;
				DEBUG_INFORMATION_FORMAT = dwarf;
				ENABLE_STRICT_OBJC_MSGSEND = YES;
				ENABLE_TESTABILITY = YES;
				GCC_C_LANGUAGE_STANDARD = gnu11;
				GCC_DYNAMIC_NO_PIC = NO;
				GCC_NO_COMMON_BLOCKS = YES;
				GCC_OPTIMIZATION_LEVEL = 0;
				GCC_PREPROCESSOR_DEFINITIONS = (
					"DEBUG=1",
					"$(inherited)",
				);
				GCC_WARN_64_TO_32_BIT_CONVERSION = YES;
				GCC_WARN_ABOUT_RETURN_TYPE = YES_ERROR;
				GCC_WARN_UNDECLARED_SELECTOR = YES;
				GCC_WARN_UNINITIALIZED_AUTOS = YES_AGGRESSIVE;
				GCC_WARN_UNUSED_FUNCTION = YES;
				GCC_WARN_UNUSED_VARIABLE = YES;
				IPHONEOS_DEPLOYMENT_TARGET = 16.2;
				MTL_ENABLE_DEBUG_INFO = INCLUDE_SOURCE;
				MTL_FAST_MATH = YES;
				ONLY_ACTIVE_ARCH = YES;
				SDKROOT = iphoneos;
				SWIFT_ACTIVE_COMPILATION_CONDITIONS = DEBUG;
				SWIFT_OPTIMIZATION_LEVEL = "-Onone";
			};
			name = Debug;
		};
		AFF98BC62DA075730001DD70 /* Release */ = {
			isa = XCBuildConfiguration;
			buildSettings = {
				ALWAYS_SEARCH_USER_PATHS = NO;
				CLANG_ANALYZER_NONNULL = YES;
				CLANG_ANALYZER_NUMBER_OBJECT_CONVERSION = YES_AGGRESSIVE;
				CLANG_CXX_LANGUAGE_STANDARD = "gnu++20";
				CLANG_ENABLE_MODULES = YES;
				CLANG_ENABLE_OBJC_ARC = YES;
				CLANG_ENABLE_OBJC_WEAK = YES;
				CLANG_WARN_BLOCK_CAPTURE_AUTORELEASING = YES;
				CLANG_WARN_BOOL_CONVERSION = YES;
				CLANG_WARN_COMMA = YES;
				CLANG_WARN_CONSTANT_CONVERSION = YES;
				CLANG_WARN_DEPRECATED_OBJC_IMPLEMENTATIONS = YES;
				CLANG_WARN_DIRECT_OBJC_ISA_USAGE = YES_ERROR;
				CLANG_WARN_DOCUMENTATION_COMMENTS = YES;
				CLANG_WARN_EMPTY_BODY = YES;
				CLANG_WARN_ENUM_CONVERSION = YES;
				CLANG_WARN_INFINITE_RECURSION = YES;
				CLANG_WARN_INT_CONVERSION = YES;
				CLANG_WARN_NON_LITERAL_NULL_CONVERSION = YES;
				CLANG_WARN_OBJC_IMPLICIT_RETAIN_SELF = YES;
				CLANG_WARN_OBJC_LITERAL_CONVERSION = YES;
				CLANG_WARN_OBJC_ROOT_CLASS = YES_ERROR;
				CLANG_WARN_QUOTED_INCLUDE_IN_FRAMEWORK_HEADER = YES;
				CLANG_WARN_RANGE_LOOP_ANALYSIS = YES;
				CLANG_WARN_STRICT_PROTOTYPES = YES;
				CLANG_WARN_SUSPICIOUS_MOVE = YES;
				CLANG_WARN_UNGUARDED_AVAILABILITY = YES_AGGRESSIVE;
				CLANG_WARN_UNREACHABLE_CODE = YES;
				CLANG_WARN__DUPLICATE_METHOD_MATCH = YES;
				COPY_PHASE_STRIP = NO;
				DEBUG_INFORMATION_FORMAT = "dwarf-with-dsym";
				ENABLE_NS_ASSERTIONS = NO;
				ENABLE_STRICT_OBJC_MSGSEND = YES;
				GCC_C_LANGUAGE_STANDARD = gnu11;
				GCC_NO_COMMON_BLOCKS = YES;
				GCC_WARN_64_TO_32_BIT_CONVERSION = YES;
				GCC_WARN_ABOUT_RETURN_TYPE = YES_ERROR;
				GCC_WARN_UNDECLARED_SELECTOR = YES;
				GCC_WARN_UNINITIALIZED_AUTOS = YES_AGGRESSIVE;
				GCC_WARN_UNUSED_FUNCTION = YES;
				GCC_WARN_UNUSED_VARIABLE = YES;
				IPHONEOS_DEPLOYMENT_TARGET = 16.2;
				MTL_ENABLE_DEBUG_INFO = NO;
				MTL_FAST_MATH = YES;
				SDKROOT = iphoneos;
				SWIFT_COMPILATION_MODE = wholemodule;
				SWIFT_OPTIMIZATION_LEVEL = "-O";
				VALIDATE_PRODUCT = YES;
			};
			name = Release;
		};
		AFF98BC82DA075730001DD70 /* Debug */ = {
			isa = XCBuildConfiguration;
			buildSettings = {
				ASSETCATALOG_COMPILER_APPICON_NAME = AppIcon;
				ASSETCATALOG_COMPILER_GLOBAL_ACCENT_COLOR_NAME = AccentColor;
				CODE_SIGN_STYLE = Automatic;
				CURRENT_PROJECT_VERSION = 1;
				DEVELOPMENT_ASSET_PATHS = "\"social_brain_xcode/Preview Content\"";
				DEVELOPMENT_TEAM = G2726ZZ85E;
				ENABLE_PREVIEWS = YES;
				GENERATE_INFOPLIST_FILE = YES;
				INFOPLIST_KEY_UIApplicationSceneManifest_Generation = YES;
				INFOPLIST_KEY_UIApplicationSupportsIndirectInputEvents = YES;
				INFOPLIST_KEY_UILaunchScreen_Generation = YES;
				INFOPLIST_KEY_UISupportedInterfaceOrientations_iPad = "UIInterfaceOrientationPortrait UIInterfaceOrientationPortraitUpsideDown UIInterfaceOrientationLandscapeLeft UIInterfaceOrientationLandscapeRight";
				INFOPLIST_KEY_UISupportedInterfaceOrientations_iPhone = "UIInterfaceOrientationPortrait UIInterfaceOrientationLandscapeLeft UIInterfaceOrientationLandscapeRight";
				IPHONEOS_DEPLOYMENT_TARGET = 15.0;
				LD_RUNPATH_SEARCH_PATHS = (
					"$(inherited)",
					"@executable_path/Frameworks",
				);
				MARKETING_VERSION = 1.0;
				PRODUCT_BUNDLE_IDENTIFIER = "ios.social-brain-xcode";
				PRODUCT_NAME = "$(TARGET_NAME)";
				SWIFT_EMIT_LOC_STRINGS = YES;
				SWIFT_VERSION = 5.0;
				TARGETED_DEVICE_FAMILY = "1,2";
			};
			name = Debug;
		};
		AFF98BC92DA075730001DD70 /* Release */ = {
			isa = XCBuildConfiguration;
			buildSettings = {
				ASSETCATALOG_COMPILER_APPICON_NAME = AppIcon;
				ASSETCATALOG_COMPILER_GLOBAL_ACCENT_COLOR_NAME = AccentColor;
				CODE_SIGN_STYLE = Automatic;
				CURRENT_PROJECT_VERSION = 1;
				DEVELOPMENT_ASSET_PATHS = "\"social_brain_xcode/Preview Content\"";
				DEVELOPMENT_TEAM = G2726ZZ85E;
				ENABLE_PREVIEWS = YES;
				GENERATE_INFOPLIST_FILE = YES;
				INFOPLIST_KEY_UIApplicationSceneManifest_Generation = YES;
				INFOPLIST_KEY_UIApplicationSupportsIndirectInputEvents = YES;
				INFOPLIST_KEY_UILaunchScreen_Generation = YES;
				INFOPLIST_KEY_UISupportedInterfaceOrientations_iPad = "UIInterfaceOrientationPortrait UIInterfaceOrientationPortraitUpsideDown UIInterfaceOrientationLandscapeLeft UIInterfaceOrientationLandscapeRight";
				INFOPLIST_KEY_UISupportedInterfaceOrientations_iPhone = "UIInterfaceOrientationPortrait UIInterfaceOrientationLandscapeLeft UIInterfaceOrientationLandscapeRight";
				IPHONEOS_DEPLOYMENT_TARGET = 15.0;
				LD_RUNPATH_SEARCH_PATHS = (
					"$(inherited)",
					"@executable_path/Frameworks",
				);
				MARKETING_VERSION = 1.0;
				PRODUCT_BUNDLE_IDENTIFIER = "ios.social-brain-xcode";
				PRODUCT_NAME = "$(TARGET_NAME)";
				SWIFT_EMIT_LOC_STRINGS = YES;
				SWIFT_VERSION = 5.0;
				TARGETED_DEVICE_FAMILY = "1,2";
			};
			name = Release;
		};
/* End XCBuildConfiguration section */

/* Begin XCConfigurationList section */
		AFF98BAE2DA075720001DD70 /* Build configuration list for PBXProject "social_brain_xcode" */ = {
			isa = XCConfigurationList;
			buildConfigurations = (
				AFF98BC52DA075730001DD70 /* Debug */,
				AFF98BC62DA075730001DD70 /* Release */,
			);
			defaultConfigurationIsVisible = 0;
			defaultConfigurationName = Release;
		};
		AFF98BC72DA075730001DD70 /* Build configuration list for PBXNativeTarget "social_brain_xcode" */ = {
			isa = XCConfigurationList;
			buildConfigurations = (
				AFF98BC82DA075730001DD70 /* Debug */,
				AFF98BC92DA075730001DD70 /* Release */,
			);
			defaultConfigurationIsVisible = 0;
			defaultConfigurationName = Release;
		};
/* End XCConfigurationList section */

/* Begin XCVersionGroup section */
		AFF98BC12DA075730001DD70 /* social_brain_xcode.xcdatamodeld */ = {
			isa = XCVersionGroup;
			children = (
				AFF98BC22DA075730001DD70 /* social_brain_xcode.xcdatamodel */,
			);
			currentVersion = AFF98BC22DA075730001DD70 /* social_brain_xcode.xcdatamodel */;
			path = social_brain_xcode.xcdatamodeld;
			sourceTree = "<group>";
			versionGroupType = wrapper.xcdatamodel;
		};
/* End XCVersionGroup section */
	};
	rootObject = AFF98BAB2DA075720001DD70 /* Project object */;
}
